{
  "name": "krapi-comprehensive-test-suite",
  "version": "0.0.1",
  "lockfileVersion": 3,
  "requires": true,
  "packages": {
    "": {
      "name": "krapi-comprehensive-test-suite",
      "version": "0.0.1",
      "license": "MIT",
      "dependencies": {
        "@smartsamurai/krapi-sdk": "^0.5.16",
        "axios": "^1.11.0",
        "chalk": "^5.3.0",
        "form-data": "^4.0.0"
      },
      "devDependencies": {
        "@types/node": "^20.0.0"
      }
    },
    "../node_modules/.pnpm/@types+node@20.19.24/node_modules/@types/node": {
      "version": "20.19.24",
      "dev": true,
      "license": "MIT",
      "dependencies": {
        "undici-types": "~6.21.0"
      }
    },
    "../node_modules/.pnpm/axios@1.13.1/node_modules/axios": {
      "version": "1.13.1",
      "license": "MIT",
      "dependencies": {
        "follow-redirects": "^1.15.6",
        "form-data": "^4.0.4",
        "proxy-from-env": "^1.1.0"
      },
      "devDependencies": {
        "@babel/core": "^7.23.9",
        "@babel/preset-env": "^7.23.9",
        "@commitlint/cli": "^17.8.1",
        "@commitlint/config-conventional": "^17.8.1",
        "@release-it/conventional-changelog": "^5.1.1",
        "@rollup/plugin-alias": "^5.1.0",
        "@rollup/plugin-babel": "^5.3.1",
        "@rollup/plugin-commonjs": "^15.1.0",
        "@rollup/plugin-json": "^4.1.0",
        "@rollup/plugin-multi-entry": "^4.1.0",
        "@rollup/plugin-node-resolve": "^9.0.0",
        "abortcontroller-polyfill": "^1.7.5",
        "auto-changelog": "^2.4.0",
        "body-parser": "^1.20.2",
        "chalk": "^5.3.0",
        "coveralls": "^3.1.1",
        "cross-env": "^7.0.3",
        "dev-null": "^0.1.1",
        "dtslint": "^4.2.1",
        "es6-promise": "^4.2.8",
        "eslint": "^8.56.0",
        "express": "^4.18.2",
        "formdata-node": "^5.0.1",
        "formidable": "^2.1.2",
        "fs-extra": "^10.1.0",
        "get-stream": "^3.0.0",
        "gulp": "^4.0.2",
        "handlebars": "^4.7.8",
        "husky": "^8.0.3",
        "istanbul-instrumenter-loader": "^3.0.1",
        "jasmine-core": "^2.99.1",
        "karma": "^6.3.17",
        "karma-chrome-launcher": "^3.2.0",
        "karma-firefox-launcher": "^2.1.2",
        "karma-jasmine": "^1.1.2",
        "karma-jasmine-ajax": "^0.1.13",
        "karma-rollup-preprocessor": "^7.0.8",
        "karma-safari-launcher": "^1.0.0",
        "karma-sauce-launcher": "^4.3.6",
        "karma-sinon": "^1.0.5",
        "karma-sourcemap-loader": "^0.3.8",
        "memoizee": "^0.4.15",
        "minimist": "^1.2.8",
        "mocha": "^10.3.0",
        "multer": "^1.4.4",
        "pacote": "^20.0.0",
        "pretty-bytes": "^6.1.1",
        "release-it": "^15.11.0",
        "rollup": "^2.79.1",
        "rollup-plugin-auto-external": "^2.0.0",
        "rollup-plugin-bundle-size": "^1.0.3",
        "rollup-plugin-terser": "^7.0.2",
        "selfsigned": "^3.0.1",
        "sinon": "^4.5.0",
        "stream-throttle": "^0.1.3",
        "string-replace-async": "^3.0.2",
        "tar-stream": "^3.1.7",
        "typescript": "^4.9.5"
      }
    },
    "../node_modules/.pnpm/chalk@5.5.0/node_modules/chalk": {
      "version": "5.5.0",
      "license": "MIT",
      "devDependencies": {
        "@types/node": "^16.11.10",
        "ava": "^3.15.0",
        "c8": "^7.10.0",
        "color-convert": "^2.0.1",
        "execa": "^6.0.0",
        "log-update": "^5.0.0",
        "matcha": "^0.7.0",
        "tsd": "^0.19.0",
        "xo": "^0.57.0",
        "yoctodelay": "^2.0.0"
      },
      "engines": {
        "node": "^12.17.0 || ^14.13 || >=16.0.0"
      },
      "funding": {
        "url": "https://github.com/chalk/chalk?sponsor=1"
      }
    },
    "../node_modules/.pnpm/form-data@4.0.4/node_modules/form-data": {
      "version": "4.0.4",
      "license": "MIT",
      "dependencies": {
        "asynckit": "^0.4.0",
        "combined-stream": "^1.0.8",
        "es-set-tostringtag": "^2.1.0",
        "hasown": "^2.0.2",
        "mime-types": "^2.1.12"
      },
      "devDependencies": {
        "@ljharb/eslint-config": "^21.2.0",
        "auto-changelog": "^2.5.0",
        "browserify": "^13.3.0",
        "browserify-istanbul": "^2.0.0",
        "coveralls": "^3.1.1",
        "cross-spawn": "^6.0.6",
        "eslint": "=8.8.0",
        "fake": "^0.2.2",
        "far": "^0.0.7",
        "formidable": "^1.2.6",
        "in-publish": "^2.0.1",
        "is-node-modern": "^1.0.0",
        "istanbul": "^0.4.5",
        "obake": "^0.1.2",
        "pkgfiles": "^2.3.2",
        "pre-commit": "^1.2.2",
        "predict-v8-randomness": "^1.0.35",
        "puppeteer": "^1.20.0",
        "request": "~2.87.0",
        "rimraf": "^2.7.1",
        "semver": "^6.3.1",
        "tape": "^5.9.0"
      },
      "engines": {
        "node": ">= 6"
      }
    },
    "node_modules/@smartsamurai/krapi-sdk": {
      "version": "0.5.16",
      "resolved": "https://registry.npmjs.org/@smartsamurai/krapi-sdk/-/krapi-sdk-0.5.16.tgz",
      "integrity": "sha512-pRjLpnlNPOJYUQ/Z2lYG2oEXJnqCt9xjQnp96Tv3ulXO5SgUCrZ3fBCaZye67VClLrJM6gTG2k273XbE0/9kDg==",
      "license": "UNLICENSED",
      "dependencies": {
        "axios": "^1.13.1",
        "bcryptjs": "^3.0.2",
        "nodemailer": "^7.0.10"
      }
    },
    "node_modules/@types/node": {
      "resolved": "../node_modules/.pnpm/@types+node@20.19.24/node_modules/@types/node",
      "link": true
    },
    "node_modules/axios": {
      "resolved": "../node_modules/.pnpm/axios@1.13.1/node_modules/axios",
      "link": true
    },
    "node_modules/bcryptjs": {
      "version": "3.0.3",
      "license": "BSD-3-Clause",
      "bin": {
        "bcrypt": "bin/bcrypt"
      }
    },
    "node_modules/chalk": {
      "resolved": "../node_modules/.pnpm/chalk@5.5.0/node_modules/chalk",
      "link": true
    },
    "node_modules/form-data": {
      "resolved": "../node_modules/.pnpm/form-data@4.0.4/node_modules/form-data",
      "link": true
    },
    "node_modules/nodemailer": {
      "version": "7.0.10",
      "license": "MIT-0",
      "engines": {
        "node": ">=6.0.0"
      }
    }
  }
}
